
Microsoft Visual Studio Solution File, Format Version 12.00
# Visual Studio 15
VisualStudioVersion = 15.0.28010.2048
MinimumVisualStudioVersion = 10.0.40219.1
Project("{FAE04EC0-301F-11D3-BF4B-00C04F79EFBC}") = "EncryptCrypts", "EncryptCrypts\EncryptCrypts.csproj", "{A2E4F891-37EC-4016-9A32-76D63EF4DCAA}"
EndProject
Global
	GlobalSection(SolutionConfigurationPlatforms) = preSolution
		Debug|Any CPU = Debug|Any CPU
		Release|Any CPU = Release|Any CPU
	EndGlobalSection
	GlobalSection(ProjectConfigurationPlatforms) = postSolution
		{A2E4F891-37EC-4016-9A32-76D63EF4DCAA}.Debug|Any CPU.ActiveCfg = Debug|Any CPU
		{A2E4F891-37EC-4016-9A32-76D63EF4DCAA}.Debug|Any CPU.Build.0 = Debug|Any CPU
		{A2E4F891-37EC-4016-9A32-76D63EF4DCAA}.Release|Any CPU.ActiveCfg = Release|Any CPU
		{A2E4F891-37EC-4016-9A32-76D63EF4DCAA}.Release|Any CPU.Build.0 = Release|Any CPU
	EndGlobalSection
	GlobalSection(SolutionProperties) = preSolution
		HideSolutionNode = FALSE
	EndGlobalSection
	GlobalSection(ExtensibilityGlobals) = postSolution
		SolutionGuid = {FB11E60D-5496-498B-96B8-50A40305C555}
	EndGlobalSection
EndGlobal
